{
  "name": "api",
  "version": "1.0.0",
  "lockfileVersion": 1,
  "requires": true,
  "dependencies": {
    "@xmpp/client": {
      "version": "0.7.3",
      "resolved": "https://registry.npmjs.org/@xmpp/client/-/client-0.7.3.tgz",
      "integrity": "sha512-bcb8sqlM9BoXfSIm4GCtpbGg2fr3NnXdIwY0Ntv+4Po3RtifKYMsS7YiL/Ck0iYt7HbEnmMThe7cuZDr0vpakQ==",
      "requires": {
        "@xmpp/client-core": "^0.7.0",
        "@xmpp/iq": "^0.7.1",
        "@xmpp/middleware": "^0.7.0",
        "@xmpp/reconnect": "^0.7.0",
        "@xmpp/resolve": "^0.7.1",
        "@xmpp/resource-binding": "^0.7.0",
        "@xmpp/sasl": "^0.7.0",
        "@xmpp/sasl-anonymous": "^0.7.0",
        "@xmpp/sasl-plain": "^0.7.0",
        "@xmpp/sasl-scram-sha-1": "^0.7.0",
        "@xmpp/session-establishment": "^0.7.0",
        "@xmpp/starttls": "^0.7.0",
        "@xmpp/stream-features": "^0.7.0",
        "@xmpp/tcp": "^0.7.0",
        "@xmpp/tls": "^0.7.0",
        "@xmpp/websocket": "^0.7.3"
      }
    },
    "@xmpp/client-core": {
      "version": "0.7.0",
      "resolved": "https://registry.npmjs.org/@xmpp/client-core/-/client-core-0.7.0.tgz",
      "integrity": "sha512-jvQ+C3fcIbBOBUmi3Jr5TYI1Q+lJ6IwsmbBRb7Fl81ZJ99Eipsi+Oax+WKS+eJwIH76xnXGCMr6MmynX4Cisvg==",
      "requires": {
        "@xmpp/connection": "^0.7.0",
        "@xmpp/jid": "^0.7.0",
        "@xmpp/xml": "^0.7.0"
      }
    },
    "@xmpp/connection": {
      "version": "0.7.0",
      "resolved": "https://registry.npmjs.org/@xmpp/connection/-/connection-0.7.0.tgz",
      "integrity": "sha512-kiYJ4SF1lCwKMmaqQxnScDmj5H7sP1hboj8iFAh2uYalosHD6J6MqvcifBwkITpZGp6F5u+qM88XZ9VN6ZTMOA==",
      "requires": {
        "@xmpp/error": "^0.7.0",
        "@xmpp/events": "^0.7.0",
        "@xmpp/jid": "^0.7.0",
        "@xmpp/streamparser": "^0.0.6",
        "@xmpp/xml": "^0.7.0"
      }
    },
    "@xmpp/connection-tcp": {
      "version": "0.7.0",
      "resolved": "https://registry.npmjs.org/@xmpp/connection-tcp/-/connection-tcp-0.7.0.tgz",
      "integrity": "sha512-pZNf341JkN01e9+yJB8HsWbGloGPYTFXGazfOALvlv6XmGi/ujsR3GeReHk24MSTMWsvEeXS1tURoCegLolGRg==",
      "requires": {
        "@xmpp/connection": "^0.7.0",
        "@xmpp/streamparser": "^0.0.6",
        "@xmpp/xml": "^0.7.0"
      }
    },
    "@xmpp/error": {
      "version": "0.7.0",
      "resolved": "https://registry.npmjs.org/@xmpp/error/-/error-0.7.0.tgz",
      "integrity": "sha512-zqGxt/Dxl8zfwDGzmRZjrTjtSIACq+Wit4E54SZywbxiykNkmInNpOIrKP2rsPwi7ghQsc7TfOmZxd9Bmc7Emw=="
    },
    "@xmpp/events": {
      "version": "0.7.0",
      "resolved": "https://registry.npmjs.org/@xmpp/events/-/events-0.7.0.tgz",
      "integrity": "sha512-KdKxDJxivilbLEZzSRlup2nVr97MQpLuyMYZq/rMMdk8XafwvCKvNWqdfIYUvsFwWQdxbPW2hPoptYZwtdL9pg==",
      "requires": {
        "events": "^3.0.0"
      }
    },
    "@xmpp/id": {
      "version": "0.7.0",
      "resolved": "https://registry.npmjs.org/@xmpp/id/-/id-0.7.0.tgz",
      "integrity": "sha512-W2zQPPD6PN7TCaJiKgFaTCnbAMhfGnD2MOhghghoxUzsFepO/RtvfmFBsWbM0cRZZw7bumn0W06Cl2MW0FaaYw=="
    },
    "@xmpp/iq": {
      "version": "0.7.1",
      "resolved": "https://registry.npmjs.org/@xmpp/iq/-/iq-0.7.1.tgz",
      "integrity": "sha512-RavaBJm/eOA78xOIUf3piejlC3fqo7yaRNPKQwn6amFHb9WbzB2sMxvKxUULC6Cr1xnHpHWVYkNvx8aQs/wNTA==",
      "requires": {
        "@xmpp/events": "^0.7.0",
        "@xmpp/id": "^0.7.0",
        "@xmpp/middleware": "^0.7.0",
        "@xmpp/xml": "^0.7.0"
      }
    },
    "@xmpp/jid": {
      "version": "0.7.0",
      "resolved": "https://registry.npmjs.org/@xmpp/jid/-/jid-0.7.0.tgz",
      "integrity": "sha512-g7nQOYTzJ2aZU9i8zP5QNN4mMyTfSWSWwlcgM8R5rHYe5xqpS51v75tzdaIEEotldLG4KrjFKks9nnSHaxO2lA=="
    },
    "@xmpp/middleware": {
      "version": "0.7.0",
      "resolved": "https://registry.npmjs.org/@xmpp/middleware/-/middleware-0.7.0.tgz",
      "integrity": "sha512-GW/ZPQUpYYbn2Ehbtca1qKUP0qlJd494YEvttTkFkt+yzNw0GhYAGrqBDrEGcO/Lym+E86DEybovN2q6BFViLg==",
      "requires": {
        "@xmpp/error": "^0.7.0",
        "@xmpp/jid": "^0.7.0",
        "@xmpp/xml": "^0.7.0",
        "koa-compose": "^4.1.0"
      }
    },
    "@xmpp/reconnect": {
      "version": "0.7.0",
      "resolved": "https://registry.npmjs.org/@xmpp/reconnect/-/reconnect-0.7.0.tgz",
      "integrity": "sha512-B/vRM5Pu+qvrUYiYevnCF6AB2OMqo/pOvMCUZ8QYUGK9YK0V2lj/RubB1pdQdkLasVOGR7k9vkCYnkRGiE9IdA==",
      "requires": {
        "@xmpp/events": "^0.7.0"
      }
    },
    "@xmpp/resolve": {
      "version": "0.7.1",
      "resolved": "https://registry.npmjs.org/@xmpp/resolve/-/resolve-0.7.1.tgz",
      "integrity": "sha512-/7XFLBxCrm/ggTOX2k6JToG6ph2qUK8Prxj1MfYJHZ0EjWO3sk8rf5rKIm6t9zLu8qosTie6BfQn/BIIRprfLg==",
      "requires": {
        "@xmpp/connection": "^0.7.0",
        "@xmpp/xml": "^0.7.0",
        "node-fetch": "^2.3.0"
      }
    },
    "@xmpp/resource-binding": {
      "version": "0.7.0",
      "resolved": "https://registry.npmjs.org/@xmpp/resource-binding/-/resource-binding-0.7.0.tgz",
      "integrity": "sha512-WvAJl2J9O7pkkw405HoBVgmZGjNFlayvUeyaaH7qhKmAdz0klNonzjadaMpBgH/b7kEJTjFY4sLvXh1pTJR+mg==",
      "requires": {
        "@xmpp/xml": "^0.7.0"
      }
    },
    "@xmpp/sasl": {
      "version": "0.7.0",
      "resolved": "https://registry.npmjs.org/@xmpp/sasl/-/sasl-0.7.0.tgz",
      "integrity": "sha512-q2RbKVCwHoEnMsWaoXbxQt6kaMp8k/8h16vmNB0Rdr7GZE7DfJuQrqIpCdkiFNqQzkCmUBcb6QtrmSzbpgKYpg==",
      "requires": {
        "@xmpp/error": "^0.7.0",
        "@xmpp/xml": "^0.7.0",
        "js-base64": "^2.5.1",
        "saslmechanisms": "^0.1.1"
      }
    },
    "@xmpp/sasl-anonymous": {
      "version": "0.7.0",
      "resolved": "https://registry.npmjs.org/@xmpp/sasl-anonymous/-/sasl-anonymous-0.7.0.tgz",
      "integrity": "sha512-0NhGR1vvQ6Wmso5Lrz0udJUQ1H90ZcHXEm/+/4mqSdDUaT8H2zRs7leQ7AHzTrWjY+KR42n6Prbjj1jzwpSd0w==",
      "requires": {
        "sasl-anonymous": "^0.1.0"
      }
    },
    "@xmpp/sasl-plain": {
      "version": "0.7.0",
      "resolved": "https://registry.npmjs.org/@xmpp/sasl-plain/-/sasl-plain-0.7.0.tgz",
      "integrity": "sha512-YrYpefnpYlHRg61hd5M1Tfas4Zyx3L5zb+nhPfu34mmScF0zXc+lolJKLj7/PTUdSFujBuftWr59SSK9ycPIFg==",
      "requires": {
        "sasl-plain": "^0.1.0"
      }
    },
    "@xmpp/sasl-scram-sha-1": {
      "version": "0.7.0",
      "resolved": "https://registry.npmjs.org/@xmpp/sasl-scram-sha-1/-/sasl-scram-sha-1-0.7.0.tgz",
      "integrity": "sha512-uV8RJjxWI//RvhyqCVNZSl6gxHVsZxb/7fnLRvB1enCRDcfnXw7lghAXM9xPKm39kQZQnCDhdP0WZ4FOVQ9fvQ==",
      "requires": {
        "sasl-scram-sha-1": "^1.2.0"
      }
    },
    "@xmpp/session-establishment": {
      "version": "0.7.0",
      "resolved": "https://registry.npmjs.org/@xmpp/session-establishment/-/session-establishment-0.7.0.tgz",
      "integrity": "sha512-5MWsySCd5nwnC8XmSfT9HdpsLzt5qBKiog6Uv7oplUz18AuKYHKmFVX4wR75cAXYzEvhQyp34XOrCaXuUEdEIw==",
      "requires": {
        "@xmpp/xml": "^0.7.0"
      }
    },
    "@xmpp/starttls": {
      "version": "0.7.0",
      "resolved": "https://registry.npmjs.org/@xmpp/starttls/-/starttls-0.7.0.tgz",
      "integrity": "sha512-XR+fQcmgTFZo9V94iG3AL+aLsRUT7glWG2LgILQsN0Mu9JtDpWc7JJuabS/JkSyMp0q8TlsEc6ZnVuz0yzT/qQ==",
      "requires": {
        "@xmpp/xml": "^0.7.0"
      }
    },
    "@xmpp/stream-features": {
      "version": "0.7.0",
      "resolved": "https://registry.npmjs.org/@xmpp/stream-features/-/stream-features-0.7.0.tgz",
      "integrity": "sha512-0pyyfAHoTl/936soSI/8CbMObqerWsNN3tMu9wBgLrMN3F2At23yrEoshD/NOCpAHah9CQEyrnv8X6CJKPgkSA=="
    },
    "@xmpp/streamparser": {
      "version": "0.0.6",
      "resolved": "https://registry.npmjs.org/@xmpp/streamparser/-/streamparser-0.0.6.tgz",
      "integrity": "sha1-EYAz6p23yGoctGED8mnr/3n28eo=",
      "requires": {
        "@xmpp/xml": "^0.1.3",
        "inherits": "^2.0.3",
        "ltx": "^2.5.0"
      },
      "dependencies": {
        "@xmpp/xml": {
          "version": "0.1.3",
          "resolved": "https://registry.npmjs.org/@xmpp/xml/-/xml-0.1.3.tgz",
          "integrity": "sha1-HxQ5nlPkGWiFWGmPbGLnHjmoam4=",
          "requires": {
            "inherits": "^2.0.3",
            "ltx": "^2.6.2"
          }
        }
      }
    },
    "@xmpp/tcp": {
      "version": "0.7.0",
      "resolved": "https://registry.npmjs.org/@xmpp/tcp/-/tcp-0.7.0.tgz",
      "integrity": "sha512-ByphSJ70KNOYBV1OTsodkpZs/L7P2d9okO5+5yUj6ZONuFL4aJ9UzdIyAYNotBnZUU/JDvPqrry2GhJK+z64uA==",
      "requires": {
        "@xmpp/connection-tcp": "^0.7.0"
      }
    },
    "@xmpp/tls": {
      "version": "0.7.0",
      "resolved": "https://registry.npmjs.org/@xmpp/tls/-/tls-0.7.0.tgz",
      "integrity": "sha512-M1cggy7WaUPE5+xJtJuXTz6Saf3Z+fCiWoh1fo7dWxSd4eiMfO/1iW3jq3IUgYsb9zFloGRtxL70ey2W+pvu8Q==",
      "requires": {
        "@xmpp/connection-tcp": "^0.7.0"
      }
    },
    "@xmpp/websocket": {
      "version": "0.7.3",
      "resolved": "https://registry.npmjs.org/@xmpp/websocket/-/websocket-0.7.3.tgz",
      "integrity": "sha512-0kEYnQQ83BUOTOTsLXDtYOMOWSqx/Wx5F4p8MWMiGwqjmvfVf+QIeh15kyrym2U75rrN3qltWgyXQ/HEKTNaSw==",
      "requires": {
        "@xmpp/connection": "^0.7.0",
        "@xmpp/xml": "^0.7.0",
        "ws": "^7.0.0"
      }
    },
    "@xmpp/xml": {
      "version": "0.7.0",
      "resolved": "https://registry.npmjs.org/@xmpp/xml/-/xml-0.7.0.tgz",
      "integrity": "sha512-NMMoR++PV2LKHViHdDy+rF+k1zWMDb4l6nICmK+0T+DeFRiHGaD1ik6sqfvSJDyOFynP1nBjnWKxQbfbQOAaBw==",
      "requires": {
        "ltx": "^2.8.1"
      }
    },
    "Auth": {
      "version": "file:lib/Auth"
    },
    "Mysql": {
      "version": "file:lib/Mysql"
    },
    "async-limiter": {
      "version": "1.0.0",
      "resolved": "https://registry.npmjs.org/async-limiter/-/async-limiter-1.0.0.tgz",
      "integrity": "sha512-jp/uFnooOiO+L211eZOoSyzpOITMXx1rBITauYykG3BRYPu8h0UcxsPNB04RR5vo4Tyz3+ay17tR6JVf9qzYWg=="
    },
    "bignumber.js": {
      "version": "4.0.4",
      "resolved": "https://registry.npmjs.org/bignumber.js/-/bignumber.js-4.0.4.tgz",
      "integrity": "sha512-LDXpJKVzEx2/OqNbG9mXBNvHuiRL4PzHCGfnANHMJ+fv68Ads3exDVJeGDJws+AoNEuca93bU3q+S0woeUaCdg=="
    },
    "bitwise-xor": {
      "version": "0.0.0",
      "resolved": "https://registry.npmjs.org/bitwise-xor/-/bitwise-xor-0.0.0.tgz",
      "integrity": "sha1-BAqBcrW7jMVisLcRnyMLKhp4Dj0="
    },
    "cipher-base": {
      "version": "1.0.4",
      "resolved": "https://registry.npmjs.org/cipher-base/-/cipher-base-1.0.4.tgz",
      "integrity": "sha512-Kkht5ye6ZGmwv40uUDZztayT2ThLQGfnj/T71N/XzeZeo3nf8foyW7zGTsPYkEya3m5f3cAypH+qe7YOrM1U2Q==",
      "requires": {
        "inherits": "^2.0.1",
        "safe-buffer": "^5.0.1"
      }
    },
    "core-util-is": {
      "version": "1.0.2",
      "resolved": "https://registry.npmjs.org/core-util-is/-/core-util-is-1.0.2.tgz",
      "integrity": "sha1-tf1UIgqivFq1eqtxQMlAdUUDwac="
    },
    "create-hash": {
      "version": "1.2.0",
      "resolved": "https://registry.npmjs.org/create-hash/-/create-hash-1.2.0.tgz",
      "integrity": "sha512-z00bCGNHDG8mHAkP7CtT1qVu+bFQUPjYq/4Iv3C3kWjTFV10zIjfSoeqXo9Asws8gwSHDGj/hl2u4OGIjapeCg==",
      "requires": {
        "cipher-base": "^1.0.1",
        "inherits": "^2.0.1",
        "md5.js": "^1.3.4",
        "ripemd160": "^2.0.1",
        "sha.js": "^2.4.0"
      }
    },
    "create-hmac": {
      "version": "1.1.7",
      "resolved": "https://registry.npmjs.org/create-hmac/-/create-hmac-1.1.7.tgz",
      "integrity": "sha512-MJG9liiZ+ogc4TzUwuvbER1JRdgvUFSB5+VR/g5h82fGaIRWMWddtKBHi7/sVhfjQZ6SehlyhvQYrcYkaUIpLg==",
      "requires": {
        "cipher-base": "^1.0.3",
        "create-hash": "^1.1.0",
        "inherits": "^2.0.1",
        "ripemd160": "^2.0.0",
        "safe-buffer": "^5.0.1",
        "sha.js": "^2.4.8"
      }
    },
    "events": {
      "version": "3.0.0",
      "resolved": "https://registry.npmjs.org/events/-/events-3.0.0.tgz",
      "integrity": "sha512-Dc381HFWJzEOhQ+d8pkNon++bk9h6cdAoAj4iE6Q4y6xgTzySWXlKn05/TVNpjnfRqi/X0EpJEJohPjNI3zpVA=="
    },
    "hash-base": {
      "version": "3.0.4",
      "resolved": "https://registry.npmjs.org/hash-base/-/hash-base-3.0.4.tgz",
      "integrity": "sha1-X8hoaEfs1zSZQDMZprCj8/auSRg=",
      "requires": {
        "inherits": "^2.0.1",
        "safe-buffer": "^5.0.1"
      }
    },
    "inherits": {
      "version": "2.0.3",
      "resolved": "https://registry.npmjs.org/inherits/-/inherits-2.0.3.tgz",
      "integrity": "sha1-Yzwsg+PaQqUC9SRmAiSA9CCCYd4="
    },
    "isarray": {
      "version": "1.0.0",
      "resolved": "https://registry.npmjs.org/isarray/-/isarray-1.0.0.tgz",
      "integrity": "sha1-u5NdSFgsuhaMBoNJV6VKPgcSTxE="
    },
    "js-base64": {
      "version": "2.5.1",
      "resolved": "https://registry.npmjs.org/js-base64/-/js-base64-2.5.1.tgz",
      "integrity": "sha512-M7kLczedRMYX4L8Mdh4MzyAMM9O5osx+4FcOQuTvr3A9F2D9S5JXheN0ewNbrvK2UatkTRhL5ejGmGSjNMiZuw=="
    },
    "koa-compose": {
      "version": "4.1.0",
      "resolved": "https://registry.npmjs.org/koa-compose/-/koa-compose-4.1.0.tgz",
      "integrity": "sha512-8ODW8TrDuMYvXRwra/Kh7/rJo9BtOfPc6qO8eAfC80CnCvSjSl0bkRM24X6/XBBEyj0v1nRUQ1LyOy3dbqOWXw=="
    },
    "ltx": {
      "version": "2.8.1",
      "resolved": "https://registry.npmjs.org/ltx/-/ltx-2.8.1.tgz",
      "integrity": "sha512-l4H1FS9I6IVqwvIpUHsSgyxE6t2jP7qd/2MeVG1UhmVK6vlHsQpfm2KNUcbdImeE0ai04vl1qTCF4CPCJqhknQ==",
      "requires": {
        "inherits": "^2.0.1"
      }
    },
    "md5.js": {
      "version": "1.3.5",
      "resolved": "https://registry.npmjs.org/md5.js/-/md5.js-1.3.5.tgz",
      "integrity": "sha512-xitP+WxNPcTTOgnTJcrhM0xvdPepipPSf3I8EIpGKeFLjt3PlJLIDG3u8EX53ZIubkb+5U2+3rELYpEhHhzdkg==",
      "requires": {
        "hash-base": "^3.0.0",
        "inherits": "^2.0.1",
        "safe-buffer": "^5.1.2"
      }
    },
    "mysql": {
      "version": "2.15.0",
      "resolved": "https://registry.npmjs.org/mysql/-/mysql-2.15.0.tgz",
      "integrity": "sha512-C7tjzWtbN5nzkLIV+E8Crnl9bFyc7d3XJcBAvHKEVkjrYjogz3llo22q6s/hw+UcsE4/844pDob9ac+3dVjQSA==",
      "requires": {
        "bignumber.js": "4.0.4",
        "readable-stream": "2.3.3",
        "safe-buffer": "5.1.1",
        "sqlstring": "2.3.0"
      },
      "dependencies": {
        "safe-buffer": {
          "version": "5.1.1",
          "resolved": "https://registry.npmjs.org/safe-buffer/-/safe-buffer-5.1.1.tgz",
          "integrity": "sha512-kKvNJn6Mm93gAczWVJg7wH+wGYWNrDHdWvpUmHyEsgCtIwwo3bqPtV4tR5tuPaUhTOo/kvhVwd8XwwOllGYkbg=="
        }
      }
    },
    "node-fetch": {
      "version": "2.6.0",
      "resolved": "https://registry.npmjs.org/node-fetch/-/node-fetch-2.6.0.tgz",
      "integrity": "sha512-8dG4H5ujfvFiqDmVu9fQ5bOHUC15JMjMY/Zumv26oOvvVJjM67KF8koCWIabKQ1GJIa9r2mMZscBq/TbdOcmNA=="
    },
    "process-nextick-args": {
      "version": "1.0.7",
      "resolved": "https://registry.npmjs.org/process-nextick-args/-/process-nextick-args-1.0.7.tgz",
      "integrity": "sha1-FQ4gt1ZZCtP5EJPyWk8q2L/zC6M="
    },
    "randombytes": {
      "version": "2.1.0",
      "resolved": "https://registry.npmjs.org/randombytes/-/randombytes-2.1.0.tgz",
      "integrity": "sha512-vYl3iOX+4CKUWuxGi9Ukhie6fsqXqS9FE2Zaic4tNFD2N2QQaXOMFbuKK4QmDHC0JO6B1Zp41J0LpT0oR68amQ==",
      "requires": {
        "safe-buffer": "^5.1.0"
      }
    },
    "readable-stream": {
      "version": "2.3.3",
      "resolved": "https://registry.npmjs.org/readable-stream/-/readable-stream-2.3.3.tgz",
      "integrity": "sha512-m+qzzcn7KUxEmd1gMbchF+Y2eIUbieUaxkWtptyHywrX0rE8QEYqPC07Vuy4Wm32/xE16NcdBctb8S0Xe/5IeQ==",
      "requires": {
        "core-util-is": "~1.0.0",
        "inherits": "~2.0.3",
        "isarray": "~1.0.0",
        "process-nextick-args": "~1.0.6",
        "safe-buffer": "~5.1.1",
        "string_decoder": "~1.0.3",
        "util-deprecate": "~1.0.1"
      }
    },
    "ripemd160": {
      "version": "2.0.2",
      "resolved": "https://registry.npmjs.org/ripemd160/-/ripemd160-2.0.2.tgz",
      "integrity": "sha512-ii4iagi25WusVoiC4B4lq7pbXfAp3D9v5CwfkY33vffw2+pkDjY1D8GaN7spsxvCSx8dkPqOZCEZyfxcmJG2IA==",
      "requires": {
        "hash-base": "^3.0.0",
        "inherits": "^2.0.1"
      }
    },
    "safe-buffer": {
      "version": "5.1.2",
      "resolved": "https://registry.npmjs.org/safe-buffer/-/safe-buffer-5.1.2.tgz",
      "integrity": "sha512-Gd2UZBJDkXlY7GbJxfsE8/nvKkUEU1G38c1siN6QP6a9PT9MmHB8GnpscSmMJSoF8LOIrt8ud/wPtojys4G6+g=="
    },
    "sasl-anonymous": {
      "version": "0.1.0",
      "resolved": "https://registry.npmjs.org/sasl-anonymous/-/sasl-anonymous-0.1.0.tgz",
      "integrity": "sha1-9UTH6CTfKkDZrUczgpVyzI2e1aU="
    },
    "sasl-plain": {
      "version": "0.1.0",
      "resolved": "https://registry.npmjs.org/sasl-plain/-/sasl-plain-0.1.0.tgz",
      "integrity": "sha1-zxRefAIiK2TWDAgG2c0q5TgEJsw="
    },
    "sasl-scram-sha-1": {
      "version": "1.2.1",
      "resolved": "https://registry.npmjs.org/sasl-scram-sha-1/-/sasl-scram-sha-1-1.2.1.tgz",
      "integrity": "sha1-2I1R/qoP8yDY6x1vx1ZXZT+dzUs=",
      "requires": {
        "bitwise-xor": "0.0.0",
        "create-hash": "^1.1.0",
        "create-hmac": "^1.1.3",
        "randombytes": "^2.0.1"
      }
    },
    "saslmechanisms": {
      "version": "0.1.1",
      "resolved": "https://registry.npmjs.org/saslmechanisms/-/saslmechanisms-0.1.1.tgz",
      "integrity": "sha1-R4vhQpUA/PqngL6IszQ87X0qkYI="
    },
    "sha.js": {
      "version": "2.4.11",
      "resolved": "https://registry.npmjs.org/sha.js/-/sha.js-2.4.11.tgz",
      "integrity": "sha512-QMEp5B7cftE7APOjk5Y6xgrbWu+WkLVQwk8JNjZ8nKRciZaByEW6MubieAiToS7+dwvrjGhH8jRXz3MVd0AYqQ==",
      "requires": {
        "inherits": "^2.0.1",
        "safe-buffer": "^5.0.1"
      }
    },
    "sqlstring": {
      "version": "2.3.0",
      "resolved": "https://registry.npmjs.org/sqlstring/-/sqlstring-2.3.0.tgz",
      "integrity": "sha1-UluKT9Jtb3GqYegipsr5dtMa0qg="
    },
    "string_decoder": {
      "version": "1.0.3",
      "resolved": "https://registry.npmjs.org/string_decoder/-/string_decoder-1.0.3.tgz",
      "integrity": "sha512-4AH6Z5fzNNBcH+6XDMfA/BTt87skxqJlO0lAh3Dker5zThcAxG6mKz+iGu308UKoPPQ8Dcqx/4JhujzltRa+hQ==",
      "requires": {
        "safe-buffer": "~5.1.0"
      }
    },
    "util-deprecate": {
      "version": "1.0.2",
      "resolved": "https://registry.npmjs.org/util-deprecate/-/util-deprecate-1.0.2.tgz",
      "integrity": "sha1-RQ1Nyfpw3nMnYvvS1KKJgUGaDM8="
    },
    "ws": {
      "version": "7.0.0",
      "resolved": "https://registry.npmjs.org/ws/-/ws-7.0.0.tgz",
      "integrity": "sha512-cknCal4k0EAOrh1SHHPPWWh4qm93g1IuGGGwBjWkXmCG7LsDtL8w9w+YVfaF+KSVwiHQKDIMsSLBVftKf9d1pg==",
      "requires": {
        "async-limiter": "^1.0.0"
      }
    }
  }
}
